// !$*UTF8*$!
{
	archiveVersion = 1;
	classes = {
	};
	objectVersion = 46;
	objects = {

/* Begin PBXBuildFile section */
		FE64091F1D58180100652BAC /* objcHud.h in Headers */ = {isa = PBXBuildFile; fileRef = FE64091E1D58180100652BAC /* objcHud.h */; settings = {ATTRIBUTES = (Public, ); }; };
		FE6409261D58180100652BAC /* objcHud.framework in Frameworks */ = {isa = PBXBuildFile; fileRef = FE64091B1D58180100652BAC /* objcHud.framework */; };
		FE64092B1D58180100652BAC /* objcHudTests.m in Sources */ = {isa = PBXBuildFile; fileRef = FE64092A1D58180100652BAC /* objcHudTests.m */; };
		FE6409381D58182B00652BAC /* Cartfile in Resources */ = {isa = PBXBuildFile; fileRef = FE6409351D58182B00652BAC /* Cartfile */; };
		FE6409391D58182B00652BAC /* objcHud.podspec in Resources */ = {isa = PBXBuildFile; fileRef = FE6409361D58182B00652BAC /* objcHud.podspec */; };
		FE6409471D58185300652BAC /* UIView+VDHud.h in Headers */ = {isa = PBXBuildFile; fileRef = FE64093B1D58185300652BAC /* UIView+VDHud.h */; settings = {ATTRIBUTES = (Public, ); }; };
		FE6409481D58185300652BAC /* UIView+VDHud.m in Sources */ = {isa = PBXBuildFile; fileRef = FE64093C1D58185300652BAC /* UIView+VDHud.m */; };
		FE6409491D58185300652BAC /* UIViewController+VDHud.h in Headers */ = {isa = PBXBuildFile; fileRef = FE64093D1D58185300652BAC /* UIViewController+VDHud.h */; settings = {ATTRIBUTES = (Public, ); }; };
		FE64094A1D58185300652BAC /* UIViewController+VDHud.m in Sources */ = {isa = PBXBuildFile; fileRef = FE64093E1D58185300652BAC /* UIViewController+VDHud.m */; };
		FE64094B1D58185300652BAC /* VDHudMaskView.h in Headers */ = {isa = PBXBuildFile; fileRef = FE64093F1D58185300652BAC /* VDHudMaskView.h */; settings = {ATTRIBUTES = (Public, ); }; };
		FE64094C1D58185300652BAC /* VDHudMaskView.m in Sources */ = {isa = PBXBuildFile; fileRef = FE6409401D58185300652BAC /* VDHudMaskView.m */; };
		FE64094D1D58185300652BAC /* VDHudViewController.h in Headers */ = {isa = PBXBuildFile; fileRef = FE6409411D58185300652BAC /* VDHudViewController.h */; settings = {ATTRIBUTES = (Public, ); }; };
		FE64094E1D58185300652BAC /* VDHudViewController.m in Sources */ = {isa = PBXBuildFile; fileRef = FE6409421D58185300652BAC /* VDHudViewController.m */; };
		FE64094F1D58185300652BAC /* VDSimpleHudViewController.h in Headers */ = {isa = PBXBuildFile; fileRef = FE6409431D58185300652BAC /* VDSimpleHudViewController.h */; settings = {ATTRIBUTES = (Public, ); }; };
		FE6409501D58185300652BAC /* VDSimpleHudViewController.m in Sources */ = {isa = PBXBuildFile; fileRef = FE6409441D58185300652BAC /* VDSimpleHudViewController.m */; };
		FE6409511D58185300652BAC /* VDToastView.h in Headers */ = {isa = PBXBuildFile; fileRef = FE6409451D58185300652BAC /* VDToastView.h */; settings = {ATTRIBUTES = (Public, ); }; };
		FE6409521D58185300652BAC /* VDToastView.m in Sources */ = {isa = PBXBuildFile; fileRef = FE6409461D58185300652BAC /* VDToastView.m */; };
		FE64098E1D581ACB00652BAC /* objcArray.framework in Frameworks */ = {isa = PBXBuildFile; fileRef = FE6409851D581ACB00652BAC /* objcArray.framework */; };
		FE64098F1D581ACB00652BAC /* objcBlock.framework in Frameworks */ = {isa = PBXBuildFile; fileRef = FE6409861D581ACB00652BAC /* objcBlock.framework */; };
		FE6409901D581ACB00652BAC /* objcHook.framework in Frameworks */ = {isa = PBXBuildFile; fileRef = FE6409871D581ACB00652BAC /* objcHook.framework */; };
		FE6409911D581ACB00652BAC /* objcKeyPath.framework in Frameworks */ = {isa = PBXBuildFile; fileRef = FE6409881D581ACB00652BAC /* objcKeyPath.framework */; };
		FE6409921D581ACB00652BAC /* objcKVO.framework in Frameworks */ = {isa = PBXBuildFile; fileRef = FE6409891D581ACB00652BAC /* objcKVO.framework */; };
		FE6409931D581ACB00652BAC /* objcObject.framework in Frameworks */ = {isa = PBXBuildFile; fileRef = FE64098A1D581ACB00652BAC /* objcObject.framework */; };
		FE6409941D581ACB00652BAC /* objcView.framework in Frameworks */ = {isa = PBXBuildFile; fileRef = FE64098B1D581ACB00652BAC /* objcView.framework */; };
		FE6409951D581ACB00652BAC /* objcWeakRef.framework in Frameworks */ = {isa = PBXBuildFile; fileRef = FE64098C1D581ACB00652BAC /* objcWeakRef.framework */; };
		FE6409961D581ACB00652BAC /* objcWindow.framework in Frameworks */ = {isa = PBXBuildFile; fileRef = FE64098D1D581ACB00652BAC /* objcWindow.framework */; };
/* End PBXBuildFile section */

/* Begin PBXContainerItemProxy section */
		FE6409271D58180100652BAC /* PBXContainerItemProxy */ = {
			isa = PBXContainerItemProxy;
			containerPortal = FE6409121D58180100652BAC /* Project object */;
			proxyType = 1;
			remoteGlobalIDString = FE64091A1D58180100652BAC;
			remoteInfo = objcHud;
		};
/* End PBXContainerItemProxy section */

/* Begin PBXFileReference section */
		FE64091B1D58180100652BAC /* objcHud.framework */ = {isa = PBXFileReference; explicitFileType = wrapper.framework; includeInIndex = 0; path = objcHud.framework; sourceTree = BUILT_PRODUCTS_DIR; };
		FE64091E1D58180100652BAC /* objcHud.h */ = {isa = PBXFileReference; lastKnownFileType = sourcecode.c.h; path = objcHud.h; sourceTree = "<group>"; };
		FE6409201D58180100652BAC /* Info.plist */ = {isa = PBXFileReference; lastKnownFileType = text.plist.xml; path = Info.plist; sourceTree = "<group>"; };
		FE6409251D58180100652BAC /* objcHudTests.xctest */ = {isa = PBXFileReference; explicitFileType = wrapper.cfbundle; includeInIndex = 0; path = objcHudTests.xctest; sourceTree = BUILT_PRODUCTS_DIR; };
		FE64092A1D58180100652BAC /* objcHudTests.m */ = {isa = PBXFileReference; lastKnownFileType = sourcecode.c.objc; path = objcHudTests.m; sourceTree = "<group>"; };
		FE64092C1D58180100652BAC /* Info.plist */ = {isa = PBXFileReference; lastKnownFileType = text.plist.xml; path = Info.plist; sourceTree = "<group>"; };
		FE6409351D58182B00652BAC /* Cartfile */ = {isa = PBXFileReference; fileEncoding = 4; lastKnownFileType = text; path = Cartfile; sourceTree = "<group>"; };
		FE6409361D58182B00652BAC /* objcHud.podspec */ = {isa = PBXFileReference; fileEncoding = 4; lastKnownFileType = text; path = objcHud.podspec; sourceTree = "<group>"; };
		FE6409371D58182B00652BAC /* README.md */ = {isa = PBXFileReference; fileEncoding = 4; lastKnownFileType = net.daringfireball.markdown; path = README.md; sourceTree = "<group>"; };
		FE64093B1D58185300652BAC /* UIView+VDHud.h */ = {isa = PBXFileReference; fileEncoding = 4; lastKnownFileType = sourcecode.c.h; path = "UIView+VDHud.h"; sourceTree = "<group>"; };
		FE64093C1D58185300652BAC /* UIView+VDHud.m */ = {isa = PBXFileReference; fileEncoding = 4; lastKnownFileType = sourcecode.c.objc; path = "UIView+VDHud.m"; sourceTree = "<group>"; };
		FE64093D1D58185300652BAC /* UIViewController+VDHud.h */ = {isa = PBXFileReference; fileEncoding = 4; lastKnownFileType = sourcecode.c.h; path = "UIViewController+VDHud.h"; sourceTree = "<group>"; };
		FE64093E1D58185300652BAC /* UIViewController+VDHud.m */ = {isa = PBXFileReference; fileEncoding = 4; lastKnownFileType = sourcecode.c.objc; path = "UIViewController+VDHud.m"; sourceTree = "<group>"; };
		FE64093F1D58185300652BAC /* VDHudMaskView.h */ = {isa = PBXFileReference; fileEncoding = 4; lastKnownFileType = sourcecode.c.h; path = VDHudMaskView.h; sourceTree = "<group>"; };
		FE6409401D58185300652BAC /* VDHudMaskView.m */ = {isa = PBXFileReference; fileEncoding = 4; lastKnownFileType = sourcecode.c.objc; path = VDHudMaskView.m; sourceTree = "<group>"; };
		FE6409411D58185300652BAC /* VDHudViewController.h */ = {isa = PBXFileReference; fileEncoding = 4; lastKnownFileType = sourcecode.c.h; path = VDHudViewController.h; sourceTree = "<group>"; };
		FE6409421D58185300652BAC /* VDHudViewController.m */ = {isa = PBXFileReference; fileEncoding = 4; lastKnownFileType = sourcecode.c.objc; path = VDHudViewController.m; sourceTree = "<group>"; };
		FE6409431D58185300652BAC /* VDSimpleHudViewController.h */ = {isa = PBXFileReference; fileEncoding = 4; lastKnownFileType = sourcecode.c.h; path = VDSimpleHudViewController.h; sourceTree = "<group>"; };
		FE6409441D58185300652BAC /* VDSimpleHudViewController.m */ = {isa = PBXFileReference; fileEncoding = 4; lastKnownFileType = sourcecode.c.objc; path = VDSimpleHudViewController.m; sourceTree = "<group>"; };
		FE6409451D58185300652BAC /* VDToastView.h */ = {isa = PBXFileReference; fileEncoding = 4; lastKnownFileType = sourcecode.c.h; path = VDToastView.h; sourceTree = "<group>"; };
		FE6409461D58185300652BAC /* VDToastView.m */ = {isa = PBXFileReference; fileEncoding = 4; lastKnownFileType = sourcecode.c.objc; path = VDToastView.m; sourceTree = "<group>"; };
		FE6409851D581ACB00652BAC /* objcArray.framework */ = {isa = PBXFileReference; lastKnownFileType = wrapper.framework; name = objcArray.framework; path = Carthage/Build/iOS/objcArray.framework; sourceTree = "<group>"; };
		FE6409861D581ACB00652BAC /* objcBlock.framework */ = {isa = PBXFileReference; lastKnownFileType = wrapper.framework; name = objcBlock.framework; path = Carthage/Build/iOS/objcBlock.framework; sourceTree = "<group>"; };
		FE6409871D581ACB00652BAC /* objcHook.framework */ = {isa = PBXFileReference; lastKnownFileType = wrapper.framework; name = objcHook.framework; path = Carthage/Build/iOS/objcHook.framework; sourceTree = "<group>"; };
		FE6409881D581ACB00652BAC /* objcKeyPath.framework */ = {isa = PBXFileReference; lastKnownFileType = wrapper.framework; name = objcKeyPath.framework; path = Carthage/Build/iOS/objcKeyPath.framework; sourceTree = "<group>"; };
		FE6409891D581ACB00652BAC /* objcKVO.framework */ = {isa = PBXFileReference; lastKnownFileType = wrapper.framework; name = objcKVO.framework; path = Carthage/Build/iOS/objcKVO.framework; sourceTree = "<group>"; };
		FE64098A1D581ACB00652BAC /* objcObject.framework */ = {isa = PBXFileReference; lastKnownFileType = wrapper.framework; name = objcObject.framework; path = Carthage/Build/iOS/objcObject.framework; sourceTree = "<group>"; };
		FE64098B1D581ACB00652BAC /* objcView.framework */ = {isa = PBXFileReference; lastKnownFileType = wrapper.framework; name = objcView.framework; path = Carthage/Build/iOS/objcView.framework; sourceTree = "<group>"; };
		FE64098C1D581ACB00652BAC /* objcWeakRef.framework */ = {isa = PBXFileReference; lastKnownFileType = wrapper.framework; name = objcWeakRef.framework; path = Carthage/Build/iOS/objcWeakRef.framework; sourceTree = "<group>"; };
		FE64098D1D581ACB00652BAC /* objcWindow.framework */ = {isa = PBXFileReference; lastKnownFileType = wrapper.framework; name = objcWindow.framework; path = Carthage/Build/iOS/objcWindow.framework; sourceTree = "<group>"; };
/* End PBXFileReference section */

/* Begin PBXFrameworksBuildPhase section */
		FE6409171D58180100652BAC /* Frameworks */ = {
			isa = PBXFrameworksBuildPhase;
			buildActionMask = 2147483647;
			files = (
				FE64098E1D581ACB00652BAC /* objcArray.framework in Frameworks */,
				FE64098F1D581ACB00652BAC /* objcBlock.framework in Frameworks */,
				FE6409901D581ACB00652BAC /* objcHook.framework in Frameworks */,
				FE6409911D581ACB00652BAC /* objcKeyPath.framework in Frameworks */,
				FE6409921D581ACB00652BAC /* objcKVO.framework in Frameworks */,
				FE6409931D581ACB00652BAC /* objcObject.framework in Frameworks */,
				FE6409941D581ACB00652BAC /* objcView.framework in Frameworks */,
				FE6409951D581ACB00652BAC /* objcWeakRef.framework in Frameworks */,
				FE6409961D581ACB00652BAC /* objcWindow.framework in Frameworks */,
			);
			runOnlyForDeploymentPostprocessing = 0;
		};
		FE6409221D58180100652BAC /* Frameworks */ = {
			isa = PBXFrameworksBuildPhase;
			buildActionMask = 2147483647;
			files = (
				FE6409261D58180100652BAC /* objcHud.framework in Frameworks */,
			);
			runOnlyForDeploymentPostprocessing = 0;
		};
/* End PBXFrameworksBuildPhase section */

/* Begin PBXGroup section */
		FE6409111D58180100652BAC = {
			isa = PBXGroup;
			children = (
				FE6409851D581ACB00652BAC /* objcArray.framework */,
				FE6409861D581ACB00652BAC /* objcBlock.framework */,
				FE6409871D581ACB00652BAC /* objcHook.framework */,
				FE6409881D581ACB00652BAC /* objcKeyPath.framework */,
				FE6409891D581ACB00652BAC /* objcKVO.framework */,
				FE64098A1D581ACB00652BAC /* objcObject.framework */,
				FE64098B1D581ACB00652BAC /* objcView.framework */,
				FE64098C1D581ACB00652BAC /* objcWeakRef.framework */,
				FE64098D1D581ACB00652BAC /* objcWindow.framework */,
				FE64091D1D58180100652BAC /* objcHud */,
				FE6409291D58180100652BAC /* objcHudTests */,
				FE64091C1D58180100652BAC /* Products */,
				FE6409351D58182B00652BAC /* Cartfile */,
				FE6409361D58182B00652BAC /* objcHud.podspec */,
				FE6409371D58182B00652BAC /* README.md */,
			);
			sourceTree = "<group>";
		};
		FE64091C1D58180100652BAC /* Products */ = {
			isa = PBXGroup;
			children = (
				FE64091B1D58180100652BAC /* objcHud.framework */,
				FE6409251D58180100652BAC /* objcHudTests.xctest */,
			);
			name = Products;
			sourceTree = "<group>";
		};
		FE64091D1D58180100652BAC /* objcHud */ = {
			isa = PBXGroup;
			children = (
				FE64091E1D58180100652BAC /* objcHud.h */,
				FE6409201D58180100652BAC /* Info.plist */,
				FE64093B1D58185300652BAC /* UIView+VDHud.h */,
				FE64093C1D58185300652BAC /* UIView+VDHud.m */,
				FE64093D1D58185300652BAC /* UIViewController+VDHud.h */,
				FE64093E1D58185300652BAC /* UIViewController+VDHud.m */,
				FE64093F1D58185300652BAC /* VDHudMaskView.h */,
				FE6409401D58185300652BAC /* VDHudMaskView.m */,
				FE6409411D58185300652BAC /* VDHudViewController.h */,
				FE6409421D58185300652BAC /* VDHudViewController.m */,
				FE6409431D58185300652BAC /* VDSimpleHudViewController.h */,
				FE6409441D58185300652BAC /* VDSimpleHudViewController.m */,
				FE6409451D58185300652BAC /* VDToastView.h */,
				FE6409461D58185300652BAC /* VDToastView.m */,
			);
			path = objcHud;
			sourceTree = "<group>";
		};
		FE6409291D58180100652BAC /* objcHudTests */ = {
			isa = PBXGroup;
			children = (
				FE64092A1D58180100652BAC /* objcHudTests.m */,
				FE64092C1D58180100652BAC /* Info.plist */,
			);
			path = objcHudTests;
			sourceTree = "<group>";
		};
/* End PBXGroup section */

/* Begin PBXHeadersBuildPhase section */
		FE6409181D58180100652BAC /* Headers */ = {
			isa = PBXHeadersBuildPhase;
			buildActionMask = 2147483647;
			files = (
				FE6409511D58185300652BAC /* VDToastView.h in Headers */,
				FE6409491D58185300652BAC /* UIViewController+VDHud.h in Headers */,
				FE64091F1D58180100652BAC /* objcHud.h in Headers */,
				FE6409471D58185300652BAC /* UIView+VDHud.h in Headers */,
				FE64094B1D58185300652BAC /* VDHudMaskView.h in Headers */,
				FE64094D1D58185300652BAC /* VDHudViewController.h in Headers */,
				FE64094F1D58185300652BAC /* VDSimpleHudViewController.h in Headers */,
			);
			runOnlyForDeploymentPostprocessing = 0;
		};
/* End PBXHeadersBuildPhase section */

/* Begin PBXNativeTarget section */
		FE64091A1D58180100652BAC /* objcHud */ = {
			isa = PBXNativeTarget;
			buildConfigurationList = FE64092F1D58180100652BAC /* Build configuration list for PBXNativeTarget "objcHud" */;
			buildPhases = (
				FE6409161D58180100652BAC /* Sources */,
				FE6409171D58180100652BAC /* Frameworks */,
				FE6409181D58180100652BAC /* Headers */,
				FE6409191D58180100652BAC /* Resources */,
			);
			buildRules = (
			);
			dependencies = (
			);
			name = objcHud;
			productName = objcHud;
			productReference = FE64091B1D58180100652BAC /* objcHud.framework */;
			productType = "com.apple.product-type.framework";
		};
		FE6409241D58180100652BAC /* objcHudTests */ = {
			isa = PBXNativeTarget;
			buildConfigurationList = FE6409321D58180100652BAC /* Build configuration list for PBXNativeTarget "objcHudTests" */;
			buildPhases = (
				FE6409211D58180100652BAC /* Sources */,
				FE6409221D58180100652BAC /* Frameworks */,
				FE6409231D58180100652BAC /* Resources */,
			);
			buildRules = (
			);
			dependencies = (
				FE6409281D58180100652BAC /* PBXTargetDependency */,
			);
			name = objcHudTests;
			productName = objcHudTests;
			productReference = FE6409251D58180100652BAC /* objcHudTests.xctest */;
			productType = "com.apple.product-type.bundle.unit-test";
		};
/* End PBXNativeTarget section */

/* Begin PBXProject section */
		FE6409121D58180100652BAC /* Project object */ = {
			isa = PBXProject;
			attributes = {
				LastUpgradeCheck = 0730;
				ORGANIZATIONNAME = vilyever;
				TargetAttributes = {
					FE64091A1D58180100652BAC = {
						CreatedOnToolsVersion = 7.3.1;
						DevelopmentTeam = 2594YAARKH;
					};
					FE6409241D58180100652BAC = {
						CreatedOnToolsVersion = 7.3.1;
						DevelopmentTeam = 2594YAARKH;
					};
				};
			};
			buildConfigurationList = FE6409151D58180100652BAC /* Build configuration list for PBXProject "objcHud" */;
			compatibilityVersion = "Xcode 3.2";
			developmentRegion = English;
			hasScannedForEncodings = 0;
			knownRegions = (
				en,
			);
			mainGroup = FE6409111D58180100652BAC;
			productRefGroup = FE64091C1D58180100652BAC /* Products */;
			projectDirPath = "";
			projectRoot = "";
			targets = (
				FE64091A1D58180100652BAC /* objcHud */,
				FE6409241D58180100652BAC /* objcHudTests */,
			);
		};
/* End PBXProject section */

/* Begin PBXResourcesBuildPhase section */
		FE6409191D58180100652BAC /* Resources */ = {
			isa = PBXResourcesBuildPhase;
			buildActionMask = 2147483647;
			files = (
				FE6409391D58182B00652BAC /* objcHud.podspec in Resources */,
				FE6409381D58182B00652BAC /* Cartfile in Resources */,
			);
			runOnlyForDeploymentPostprocessing = 0;
		};
		FE6409231D58180100652BAC /* Resources */ = {
			isa = PBXResourcesBuildPhase;
			buildActionMask = 2147483647;
			files = (
			);
			runOnlyForDeploymentPostprocessing = 0;
		};
/* End PBXResourcesBuildPhase section */

/* Begin PBXSourcesBuildPhase section */
		FE6409161D58180100652BAC /* Sources */ = {
			isa = PBXSourcesBuildPhase;
			buildActionMask = 2147483647;
			files = (
				FE64094C1D58185300652BAC /* VDHudMaskView.m in Sources */,
				FE6409521D58185300652BAC /* VDToastView.m in Sources */,
				FE6409481D58185300652BAC /* UIView+VDHud.m in Sources */,
				FE6409501D58185300652BAC /* VDSimpleHudViewController.m in Sources */,
				FE64094A1D58185300652BAC /* UIViewController+VDHud.m in Sources */,
				FE64094E1D58185300652BAC /* VDHudViewController.m in Sources */,
			);
			runOnlyForDeploymentPostprocessing = 0;
		};
		FE6409211D58180100652BAC /* Sources */ = {
			isa = PBXSourcesBuildPhase;
			buildActionMask = 2147483647;
			files = (
				FE64092B1D58180100652BAC /* objcHudTests.m in Sources */,
			);
			runOnlyForDeploymentPostprocessing = 0;
		};
/* End PBXSourcesBuildPhase section */

/* Begin PBXTargetDependency section */
		FE6409281D58180100652BAC /* PBXTargetDependency */ = {
			isa = PBXTargetDependency;
			target = FE64091A1D58180100652BAC /* objcHud */;
			targetProxy = FE6409271D58180100652BAC /* PBXContainerItemProxy */;
		};
/* End PBXTargetDependency section */

/* Begin XCBuildConfiguration section */
		FE64092D1D58180100652BAC /* Debug */ = {
			isa = XCBuildConfiguration;
			buildSettings = {
				ALWAYS_SEARCH_USER_PATHS = NO;
				CLANG_ANALYZER_NONNULL = YES;
				CLANG_CXX_LANGUAGE_STANDARD = "gnu++0x";
				CLANG_CXX_LIBRARY = "libc++";
				CLANG_ENABLE_MODULES = YES;
				CLANG_ENABLE_OBJC_ARC = YES;
				CLANG_WARN_BOOL_CONVERSION = YES;
				CLANG_WARN_CONSTANT_CONVERSION = YES;
				CLANG_WARN_DIRECT_OBJC_ISA_USAGE = YES_ERROR;
				CLANG_WARN_EMPTY_BODY = YES;
				CLANG_WARN_ENUM_CONVERSION = YES;
				CLANG_WARN_INT_CONVERSION = YES;
				CLANG_WARN_OBJC_ROOT_CLASS = YES_ERROR;
				CLANG_WARN_UNREACHABLE_CODE = YES;
				CLANG_WARN__DUPLICATE_METHOD_MATCH = YES;
				"CODE_SIGN_IDENTITY[sdk=iphoneos*]" = "iPhone Developer";
				COPY_PHASE_STRIP = NO;
				CURRENT_PROJECT_VERSION = 1;
				DEBUG_INFORMATION_FORMAT = dwarf;
				ENABLE_STRICT_OBJC_MSGSEND = YES;
				ENABLE_TESTABILITY = YES;
				GCC_C_LANGUAGE_STANDARD = gnu99;
				GCC_DYNAMIC_NO_PIC = NO;
				GCC_NO_COMMON_BLOCKS = YES;
				GCC_OPTIMIZATION_LEVEL = 0;
				GCC_PREPROCESSOR_DEFINITIONS = (
					"DEBUG=1",
					"$(inherited)",
				);
				GCC_WARN_64_TO_32_BIT_CONVERSION = YES;
				GCC_WARN_ABOUT_RETURN_TYPE = YES_ERROR;
				GCC_WARN_UNDECLARED_SELECTOR = YES;
				GCC_WARN_UNINITIALIZED_AUTOS = YES_AGGRESSIVE;
				GCC_WARN_UNUSED_FUNCTION = YES;
				GCC_WARN_UNUSED_VARIABLE = YES;
				IPHONEOS_DEPLOYMENT_TARGET = 9.3;
				MTL_ENABLE_DEBUG_INFO = YES;
				ONLY_ACTIVE_ARCH = YES;
				SDKROOT = iphoneos;
				TARGETED_DEVICE_FAMILY = "1,2";
				VERSIONING_SYSTEM = "apple-generic";
				VERSION_INFO_PREFIX = "";
			};
			name = Debug;
		};
		FE64092E1D58180100652BAC /* Release */ = {
			isa = XCBuildConfiguration;
			buildSettings = {
				ALWAYS_SEARCH_USER_PATHS = NO;
				CLANG_ANALYZER_NONNULL = YES;
				CLANG_CXX_LANGUAGE_STANDARD = "gnu++0x";
				CLANG_CXX_LIBRARY = "libc++";
				CLANG_ENABLE_MODULES = YES;
				CLANG_ENABLE_OBJC_ARC = YES;
				CLANG_WARN_BOOL_CONVERSION = YES;
				CLANG_WARN_CONSTANT_CONVERSION = YES;
				CLANG_WARN_DIRECT_OBJC_ISA_USAGE = YES_ERROR;
				CLANG_WARN_EMPTY_BODY = YES;
				CLANG_WARN_ENUM_CONVERSION = YES;
				CLANG_WARN_INT_CONVERSION = YES;
				CLANG_WARN_OBJC_ROOT_CLASS = YES_ERROR;
				CLANG_WARN_UNREACHABLE_CODE = YES;
				CLANG_WARN__DUPLICATE_METHOD_MATCH = YES;
				"CODE_SIGN_IDENTITY[sdk=iphoneos*]" = "iPhone Developer";
				COPY_PHASE_STRIP = NO;
				CURRENT_PROJECT_VERSION = 1;
				DEBUG_INFORMATION_FORMAT = "dwarf-with-dsym";
				ENABLE_NS_ASSERTIONS = NO;
				ENABLE_STRICT_OBJC_MSGSEND = YES;
				GCC_C_LANGUAGE_STANDARD = gnu99;
				GCC_NO_COMMON_BLOCKS = YES;
				GCC_WARN_64_TO_32_BIT_CONVERSION = YES;
				GCC_WARN_ABOUT_RETURN_TYPE = YES_ERROR;
				GCC_WARN_UNDECLARED_SELECTOR = YES;
				GCC_WARN_UNINITIALIZED_AUTOS = YES_AGGRESSIVE;
				GCC_WARN_UNUSED_FUNCTION = YES;
				GCC_WARN_UNUSED_VARIABLE = YES;
				IPHONEOS_DEPLOYMENT_TARGET = 9.3;
				MTL_ENABLE_DEBUG_INFO = NO;
				SDKROOT = iphoneos;
				TARGETED_DEVICE_FAMILY = "1,2";
				VALIDATE_PRODUCT = YES;
				VERSIONING_SYSTEM = "apple-generic";
				VERSION_INFO_PREFIX = "";
			};
			name = Release;
		};
		FE6409301D58180100652BAC /* Debug */ = {
			isa = XCBuildConfiguration;
			buildSettings = {
				DEFINES_MODULE = YES;
				DYLIB_COMPATIBILITY_VERSION = 1;
				DYLIB_CURRENT_VERSION = 1;
				DYLIB_INSTALL_NAME_BASE = "@rpath";
				FRAMEWORK_SEARCH_PATHS = (
					"$(inherited)",
					"$(PROJECT_DIR)/Carthage/Build/iOS",
				);
				INFOPLIST_FILE = objcHud/Info.plist;
				INSTALL_PATH = "$(LOCAL_LIBRARY_DIR)/Frameworks";
				LD_RUNPATH_SEARCH_PATHS = "$(inherited) @executable_path/Frameworks @loader_path/Frameworks";
				PRODUCT_BUNDLE_IDENTIFIER = vilyever.objcHud;
				PRODUCT_NAME = "$(TARGET_NAME)";
				SKIP_INSTALL = YES;
			};
			name = Debug;
		};
		FE6409311D58180100652BAC /* Release */ = {
			isa = XCBuildConfiguration;
			buildSettings = {
				DEFINES_MODULE = YES;
				DYLIB_COMPATIBILITY_VERSION = 1;
				DYLIB_CURRENT_VERSION = 1;
				DYLIB_INSTALL_NAME_BASE = "@rpath";
				FRAMEWORK_SEARCH_PATHS = (
					"$(inherited)",
					"$(PROJECT_DIR)/Carthage/Build/iOS",
				);
				INFOPLIST_FILE = objcHud/Info.plist;
				INSTALL_PATH = "$(LOCAL_LIBRARY_DIR)/Frameworks";
				LD_RUNPATH_SEARCH_PATHS = "$(inherited) @executable_path/Frameworks @loader_path/Frameworks";
				PRODUCT_BUNDLE_IDENTIFIER = vilyever.objcHud;
				PRODUCT_NAME = "$(TARGET_NAME)";
				SKIP_INSTALL = YES;
			};
			name = Release;
		};
		FE6409331D58180100652BAC /* Debug */ = {
			isa = XCBuildConfiguration;
			buildSettings = {
				INFOPLIST_FILE = objcHudTests/Info.plist;
				LD_RUNPATH_SEARCH_PATHS = "$(inherited) @executable_path/Frameworks @loader_path/Frameworks";
				PRODUCT_BUNDLE_IDENTIFIER = vilyever.objcHudTests;
				PRODUCT_NAME = "$(TARGET_NAME)";
			};
			name = Debug;
		};
		FE6409341D58180100652BAC /* Release */ = {
			isa = XCBuildConfiguration;
			buildSettings = {
				INFOPLIST_FILE = objcHudTests/Info.plist;
				LD_RUNPATH_SEARCH_PATHS = "$(inherited) @executable_path/Frameworks @loader_path/Frameworks";
				PRODUCT_BUNDLE_IDENTIFIER = vilyever.objcHudTests;
				PRODUCT_NAME = "$(TARGET_NAME)";
			};
			name = Release;
		};
/* End XCBuildConfiguration section */

/* Begin XCConfigurationList section */
		FE6409151D58180100652BAC /* Build configuration list for PBXProject "objcHud" */ = {
			isa = XCConfigurationList;
			buildConfigurations = (
				FE64092D1D58180100652BAC /* Debug */,
				FE64092E1D58180100652BAC /* Release */,
			);
			defaultConfigurationIsVisible = 0;
			defaultConfigurationName = Release;
		};
		FE64092F1D58180100652BAC /* Build configuration list for PBXNativeTarget "objcHud" */ = {
			isa = XCConfigurationList;
			buildConfigurations = (
				FE6409301D58180100652BAC /* Debug */,
				FE6409311D58180100652BAC /* Release */,
			);
			defaultConfigurationIsVisible = 0;
		};
		FE6409321D58180100652BAC /* Build configuration list for PBXNativeTarget "objcHudTests" */ = {
			isa = XCConfigurationList;
			buildConfigurations = (
				FE6409331D58180100652BAC /* Debug */,
				FE6409341D58180100652BAC /* Release */,
			);
			defaultConfigurationIsVisible = 0;
		};
/* End XCConfigurationList section */
	};
	rootObject = FE6409121D58180100652BAC /* Project object */;
}
